{
  "name": "test",
  "lockfileVersion": 2,
  "requires": true,
  "packages": {
    "": {
      "name": "test",
      "dependencies": {
        "exesjs": "^1.0.4"
      }
    },
    "node_modules/exesjs": {
      "version": "1.0.5",
      "resolved": "https://registry.npmjs.org/exesjs/-/exesjs-1.0.5.tgz",
      "integrity": "sha512-0Wo1HFDi+3ViTMkEbEC5yBQpIqc9fzqec0WhM1HozI3+nm/G/nXB5GC6yW83ajVdjJi023nsifn6VcC35BJMqQ=="
    }
  },
  "dependencies": {
    "exesjs": {
      "version": "1.0.5",
      "resolved": "https://registry.npmjs.org/exesjs/-/exesjs-1.0.5.tgz",
      "integrity": "sha512-0Wo1HFDi+3ViTMkEbEC5yBQpIqc9fzqec0WhM1HozI3+nm/G/nXB5GC6yW83ajVdjJi023nsifn6VcC35BJMqQ=="
    }
  }
}
